
Microsoft Visual Studio Solution File, Format Version 12.00
# Visual Studio Version 17
VisualStudioVersion = 17.5.33424.131
MinimumVisualStudioVersion = 10.0.40219.1
Project("{FAE04EC0-301F-11D3-BF4B-00C04F79EFBC}") = "WindowsFormsApp1", "WindowsFormsApp1\WindowsFormsApp1.csproj", "{0F9B79C5-2A65-409C-B74B-2213BAADB1A1}"
EndProject
Global
	GlobalSection(SolutionConfigurationPlatforms) = preSolution
		Debug|Any CPU = Debug|Any CPU
		Release|Any CPU = Release|Any CPU
	EndGlobalSection
	GlobalSection(ProjectConfigurationPlatforms) = postSolution
		{0F9B79C5-2A65-409C-B74B-2213BAADB1A1}.Debug|Any CPU.ActiveCfg = Debug|Any CPU
		{0F9B79C5-2A65-409C-B74B-2213BAADB1A1}.Debug|Any CPU.Build.0 = Debug|Any CPU
		{0F9B79C5-2A65-409C-B74B-2213BAADB1A1}.Release|Any CPU.ActiveCfg = Release|Any CPU
		{0F9B79C5-2A65-409C-B74B-2213BAADB1A1}.Release|Any CPU.Build.0 = Release|Any CPU
	EndGlobalSection
	GlobalSection(SolutionProperties) = preSolution
		HideSolutionNode = FALSE
	EndGlobalSection
	GlobalSection(ExtensibilityGlobals) = postSolution
		SolutionGuid = {764E876D-B704-429D-9361-F57D262DC4A1}
	EndGlobalSection
EndGlobal
